
Microsoft Visual Studio Solution File, Format Version 12.00
# Visual Studio 14
VisualStudioVersion = 14.0.25420.1
MinimumVisualStudioVersion = 10.0.40219.1
Project("{FAE04EC0-301F-11D3-BF4B-00C04F79EFBC}") = "UI", "WPFUI\UI.csproj", "{31177B69-64D5-4DD0-8620-4BD9EAB74A84}"
EndProject
Project("{FAE04EC0-301F-11D3-BF4B-00C04F79EFBC}") = "DAL", "DAL\DAL.csproj", "{D35CCE90-D10A-4F45-9C5E-5E033201C74A}"
EndProject
Project("{FAE04EC0-301F-11D3-BF4B-00C04F79EFBC}") = "BLL", "BLL\BLL.csproj", "{8271F855-D6B2-4775-9526-017126579E59}"
EndProject
Project("{FAE04EC0-301F-11D3-BF4B-00C04F79EFBC}") = "VO", "Model\VO.csproj", "{AD28CF45-4278-4FB0-A1C5-3236835A4319}"
EndProject
Project("{FAE04EC0-301F-11D3-BF4B-00C04F79EFBC}") = "Service", "Service\Service.csproj", "{C8A6C193-FF1C-4198-943B-D38BAECEAAD3}"
EndProject
Global
	GlobalSection(SolutionConfigurationPlatforms) = preSolution
		Debug|Any CPU = Debug|Any CPU
		Release|Any CPU = Release|Any CPU
	EndGlobalSection
	GlobalSection(ProjectConfigurationPlatforms) = postSolution
		{31177B69-64D5-4DD0-8620-4BD9EAB74A84}.Debug|Any CPU.ActiveCfg = Debug|Any CPU
		{31177B69-64D5-4DD0-8620-4BD9EAB74A84}.Debug|Any CPU.Build.0 = Debug|Any CPU
		{31177B69-64D5-4DD0-8620-4BD9EAB74A84}.Release|Any CPU.ActiveCfg = Release|Any CPU
		{31177B69-64D5-4DD0-8620-4BD9EAB74A84}.Release|Any CPU.Build.0 = Release|Any CPU
		{D35CCE90-D10A-4F45-9C5E-5E033201C74A}.Debug|Any CPU.ActiveCfg = Debug|Any CPU
		{D35CCE90-D10A-4F45-9C5E-5E033201C74A}.Debug|Any CPU.Build.0 = Debug|Any CPU
		{D35CCE90-D10A-4F45-9C5E-5E033201C74A}.Release|Any CPU.ActiveCfg = Release|Any CPU
		{D35CCE90-D10A-4F45-9C5E-5E033201C74A}.Release|Any CPU.Build.0 = Release|Any CPU
		{8271F855-D6B2-4775-9526-017126579E59}.Debug|Any CPU.ActiveCfg = Debug|Any CPU
		{8271F855-D6B2-4775-9526-017126579E59}.Debug|Any CPU.Build.0 = Debug|Any CPU
		{8271F855-D6B2-4775-9526-017126579E59}.Release|Any CPU.ActiveCfg = Release|Any CPU
		{8271F855-D6B2-4775-9526-017126579E59}.Release|Any CPU.Build.0 = Release|Any CPU
		{AD28CF45-4278-4FB0-A1C5-3236835A4319}.Debug|Any CPU.ActiveCfg = Debug|Any CPU
		{AD28CF45-4278-4FB0-A1C5-3236835A4319}.Debug|Any CPU.Build.0 = Debug|Any CPU
		{AD28CF45-4278-4FB0-A1C5-3236835A4319}.Release|Any CPU.ActiveCfg = Release|Any CPU
		{AD28CF45-4278-4FB0-A1C5-3236835A4319}.Release|Any CPU.Build.0 = Release|Any CPU
		{C8A6C193-FF1C-4198-943B-D38BAECEAAD3}.Debug|Any CPU.ActiveCfg = Debug|Any CPU
		{C8A6C193-FF1C-4198-943B-D38BAECEAAD3}.Debug|Any CPU.Build.0 = Debug|Any CPU
		{C8A6C193-FF1C-4198-943B-D38BAECEAAD3}.Release|Any CPU.ActiveCfg = Release|Any CPU
		{C8A6C193-FF1C-4198-943B-D38BAECEAAD3}.Release|Any CPU.Build.0 = Release|Any CPU
	EndGlobalSection
	GlobalSection(SolutionProperties) = preSolution
		HideSolutionNode = FALSE
	EndGlobalSection
EndGlobal
